
Microsoft Visual Studio Solution File, Format Version 12.00
Project("{FAE04EC0-301F-11D3-BF4B-00C04F79EFBC}") = "Api", "src\Api\Api.csproj", "{8FA1A8AA-C58A-4490-BF16-4836217E76AC}"
EndProject
Project("{2150E333-8FDC-42A3-9474-1A3956D46DE8}") = "Solution Items", "Solution Items", "{CC439903-B270-4756-94F7-F8C35FABDC51}"
	ProjectSection(SolutionItems) = preProject
		global.json = global.json
		README.md = README.md
		.gitignore = .gitignore
		.editorconfig = .editorconfig
		docker-compose.yaml = docker-compose.yaml
	EndProjectSection
EndProject
Project("{FAE04EC0-301F-11D3-BF4B-00C04F79EFBC}") = "Frontend.Razor", "src\Frontend.Razor\Frontend.Razor.csproj", "{78FB5FE7-05EA-4FD7-A449-436C4EDADA8C}"
EndProject
Project("{2150E333-8FDC-42A3-9474-1A3956D46DE8}") = "src", "src", "{98126842-C2D9-45BC-9FB4-6E955DA066BB}"
EndProject
Project("{2150E333-8FDC-42A3-9474-1A3956D46DE8}") = "test", "test", "{054BE8B6-E0D6-465A-852F-382418C869B7}"
EndProject
Project("{FAE04EC0-301F-11D3-BF4B-00C04F79EFBC}") = "Api.IntegrationTests", "test\Api.IntegrationTests\Api.IntegrationTests.csproj", "{D82B23B0-06D9-4A85-8989-67999AFD0C8F}"
EndProject
Project("{FAE04EC0-301F-11D3-BF4B-00C04F79EFBC}") = "Api.Dtos", "src\Api.Dtos\Api.Dtos.csproj", "{DBAB0738-46C0-4EA9-9086-18C816348948}"
EndProject
Global
	GlobalSection(SolutionConfigurationPlatforms) = preSolution
		Debug|Any CPU = Debug|Any CPU
		Release|Any CPU = Release|Any CPU
	EndGlobalSection
	GlobalSection(ProjectConfigurationPlatforms) = postSolution
		{8FA1A8AA-C58A-4490-BF16-4836217E76AC}.Debug|Any CPU.ActiveCfg = Debug|Any CPU
		{8FA1A8AA-C58A-4490-BF16-4836217E76AC}.Debug|Any CPU.Build.0 = Debug|Any CPU
		{8FA1A8AA-C58A-4490-BF16-4836217E76AC}.Release|Any CPU.ActiveCfg = Release|Any CPU
		{8FA1A8AA-C58A-4490-BF16-4836217E76AC}.Release|Any CPU.Build.0 = Release|Any CPU
		{78FB5FE7-05EA-4FD7-A449-436C4EDADA8C}.Debug|Any CPU.ActiveCfg = Debug|Any CPU
		{78FB5FE7-05EA-4FD7-A449-436C4EDADA8C}.Debug|Any CPU.Build.0 = Debug|Any CPU
		{78FB5FE7-05EA-4FD7-A449-436C4EDADA8C}.Release|Any CPU.ActiveCfg = Release|Any CPU
		{78FB5FE7-05EA-4FD7-A449-436C4EDADA8C}.Release|Any CPU.Build.0 = Release|Any CPU
		{D82B23B0-06D9-4A85-8989-67999AFD0C8F}.Debug|Any CPU.ActiveCfg = Debug|Any CPU
		{D82B23B0-06D9-4A85-8989-67999AFD0C8F}.Debug|Any CPU.Build.0 = Debug|Any CPU
		{D82B23B0-06D9-4A85-8989-67999AFD0C8F}.Release|Any CPU.ActiveCfg = Release|Any CPU
		{D82B23B0-06D9-4A85-8989-67999AFD0C8F}.Release|Any CPU.Build.0 = Release|Any CPU
		{DBAB0738-46C0-4EA9-9086-18C816348948}.Debug|Any CPU.ActiveCfg = Debug|Any CPU
		{DBAB0738-46C0-4EA9-9086-18C816348948}.Debug|Any CPU.Build.0 = Debug|Any CPU
		{DBAB0738-46C0-4EA9-9086-18C816348948}.Release|Any CPU.ActiveCfg = Release|Any CPU
		{DBAB0738-46C0-4EA9-9086-18C816348948}.Release|Any CPU.Build.0 = Release|Any CPU
	EndGlobalSection
	GlobalSection(NestedProjects) = preSolution
		{8FA1A8AA-C58A-4490-BF16-4836217E76AC} = {98126842-C2D9-45BC-9FB4-6E955DA066BB}
		{78FB5FE7-05EA-4FD7-A449-436C4EDADA8C} = {98126842-C2D9-45BC-9FB4-6E955DA066BB}
		{D82B23B0-06D9-4A85-8989-67999AFD0C8F} = {054BE8B6-E0D6-465A-852F-382418C869B7}
		{DBAB0738-46C0-4EA9-9086-18C816348948} = {98126842-C2D9-45BC-9FB4-6E955DA066BB}
	EndGlobalSection
EndGlobal
